{
  "version": "5",
  "specifiers": {
    "npm:neverthrow@6.2.2": "6.2.2"
  },
  "npm": {
    "neverthrow@6.2.2": {
      "integrity": "sha512-POR1FACqdK9jH0S2kRPzaZEvzT11wsOxLW520PQV/+vKi9dQe+hXq19EiOvYx7lSRaF5VB9lYGsPInynrnN05w=="
    }
  },
  "remote": {
    "https://deno.land/std@0.91.0/encoding/base64.ts": "eecae390f1f1d1cae6f6c6d732ede5276bf4b9cd29b1d281678c054dc5cc009e",
    "https://deno.land/std@0.91.0/hash/sha1.ts": "1cca324b4b253885a47f121adafcfac55b4cc96113e22b338e1db26f37a730b8",
    "https://deno.land/std@0.91.0/hash/sha256.ts": "2a06afd9c27942b87ffc8a93b3270065b5fe4ea144fe0939e5d050bfb86d40db",
    "https://raw.githubusercontent.com/thisavoropaev/deno-oauth-1.0a/main/client.ts": "62269cc3a7fb996c0de3923cc2cf92073aecafeab9740f75d4e9fb2e167ccb99",
    "https://raw.githubusercontent.com/thisavoropaev/deno-oauth-1.0a/main/mod.ts": "5450bd25dedb34baa6c886dc7f881030ffd9d752273a36aade54c7b2235fb8f9",
    "https://raw.githubusercontent.com/thisavoropaev/deno-oauth-1.0a/main/sign.ts": "d3e1aab000af1a519079c86b9ec3831c64770bd5653cef5c86752d4328cda165"
  },
  "workspace": {
    "dependencies": [
      "npm:neverthrow@6.2.2"
    ]
  }
}
